
Microsoft Visual Studio Solution File, Format Version 12.00
# Visual Studio Version 17
VisualStudioVersion = 17.1.32421.90
MinimumVisualStudioVersion = 10.0.40219.1
Project("{888888A0-9F3D-457C-B088-3A5042F75D52}") = "ChaLamChopNgapKun_Pygame", "ChaLamChopNgapKun_Pygame\ChaLamChopNgapKun_Pygame.pyproj", "{D2A2BD82-7609-41A3-8030-CB788E7AD802}"
EndProject
Global
	GlobalSection(SolutionConfigurationPlatforms) = preSolution
		Debug|Any CPU = Debug|Any CPU
		Release|Any CPU = Release|Any CPU
	EndGlobalSection
	GlobalSection(ProjectConfigurationPlatforms) = postSolution
		{D2A2BD82-7609-41A3-8030-CB788E7AD802}.Debug|Any CPU.ActiveCfg = Debug|Any CPU
		{D2A2BD82-7609-41A3-8030-CB788E7AD802}.Release|Any CPU.ActiveCfg = Release|Any CPU
	EndGlobalSection
	GlobalSection(SolutionProperties) = preSolution
		HideSolutionNode = FALSE
	EndGlobalSection
	GlobalSection(ExtensibilityGlobals) = postSolution
		SolutionGuid = {2EB4E89F-07FE-4B42-8221-EA3092F461DC}
	EndGlobalSection
EndGlobal
